[[package]]
name = "atomicwrites"
version = "1.4.0"
description = "Atomic file writes."
category = "dev"
optional = false
python-versions = ">=2.7, !=3.0.*, !=3.1.*, !=3.2.*, !=3.3.*"

[[package]]
name = "attrs"
version = "21.2.0"
description = "Classes Without Boilerplate"
category = "dev"
optional = false
python-versions = ">=2.7, !=3.0.*, !=3.1.*, !=3.2.*, !=3.3.*, !=3.4.*"

[package.extras]
dev = ["coverage[toml] (>=5.0.2)", "hypothesis", "pympler", "pytest (>=4.3.0)", "six", "mypy", "pytest-mypy-plugins", "zope.interface", "furo", "sphinx", "sphinx-notfound-page", "pre-commit"]
docs = ["furo", "sphinx", "zope.interface", "sphinx-notfound-page"]
tests = ["coverage[toml] (>=5.0.2)", "hypothesis", "pympler", "pytest (>=4.3.0)", "six", "mypy", "pytest-mypy-plugins", "zope.interface"]
tests_no_zope = ["coverage[toml] (>=5.0.2)", "hypothesis", "pympler", "pytest (>=4.3.0)", "six", "mypy", "pytest-mypy-plugins"]

[[package]]
name = "backports.functools-lru-cache"
version = "1.6.4"
description = "Backport of functools.lru_cache"
category = "dev"
optional = false
python-versions = ">=2.6"

[package.extras]
docs = ["sphinx", "jaraco.packaging (>=8.2)", "rst.linker (>=1.9)"]
testing = ["pytest (>=4.6)", "pytest-black (>=0.3.7)", "pytest-mypy", "pytest-flake8", "pytest-cov", "pytest-enabler (>=1.0.1)", "pytest-checkdocs (>=2.4)"]

[[package]]
name = "colorama"
version = "0.4.4"
description = "Cross-platform colored terminal text."
category = "dev"
optional = false
python-versions = ">=2.7, !=3.0.*, !=3.1.*, !=3.2.*, !=3.3.*, !=3.4.*"

[[package]]
name = "configparser"
version = "4.0.2"
description = "Updated configparser from Python 3.7 for Python 2.6+."
category = "dev"
optional = false
python-versions = ">=2.6"

[package.extras]
docs = ["sphinx", "jaraco.packaging (>=3.2)", "rst.linker (>=1.9)"]
testing = ["pytest (>=3.5,!=3.7.3)", "pytest-checkdocs (>=1.2)", "pytest-flake8", "pytest-black-multipy"]

[[package]]
name = "contextlib2"
version = "0.6.0.post1"
description = "Backports and enhancements for the contextlib module"
category = "dev"
optional = false
python-versions = ">=2.7, !=3.0.*, !=3.1.*, !=3.2.*, !=3.3.*"

[[package]]
name = "cycler"
version = "0.10.0"
description = "Composable style cycles"
category = "dev"
optional = false
python-versions = "*"

[package.dependencies]
six = "*"

[[package]]
name = "enum34"
version = "1.1.10"
description = "Python 3.4 Enum backported to 3.3, 3.2, 3.1, 2.7, 2.6, 2.5, and 2.4"
category = "dev"
optional = false
python-versions = "*"

[[package]]
name = "fdint"
version = "2.0.2"
description = "A free, open-source python package for quickly and precisely approximating Fermi-Dirac integrals."
category = "main"
optional = false
python-versions = "*"

[package.dependencies]
numpy = "*"

[[package]]
name = "flake8"
version = "3.9.2"
description = "the modular source code checker: pep8 pyflakes and co"
category = "dev"
optional = false
python-versions = "!=3.0.*,!=3.1.*,!=3.2.*,!=3.3.*,!=3.4.*,>=2.7"

[package.dependencies]
configparser = {version = "*", markers = "python_version < \"3.2\""}
enum34 = {version = "*", markers = "python_version < \"3.4\""}
functools32 = {version = "*", markers = "python_version < \"3.2\""}
importlib-metadata = {version = "*", markers = "python_version < \"3.8\""}
mccabe = ">=0.6.0,<0.7.0"
pycodestyle = ">=2.7.0,<2.8.0"
pyflakes = ">=2.3.0,<2.4.0"
typing = {version = "*", markers = "python_version < \"3.5\""}

[[package]]
name = "funcsigs"
version = "1.0.2"
description = "Python function signatures from PEP362 for Python 2.6, 2.7 and 3.2+"
category = "dev"
optional = false
python-versions = "*"

[[package]]
name = "functools32"
version = "3.2.3-2"
description = "Backport of the functools module from Python 3.2.3 for use on 2.7 and PyPy."
category = "dev"
optional = false
python-versions = "*"

[[package]]
name = "hypothesis"
version = "4.57.1"
description = "A library for property-based testing"
category = "dev"
optional = false
python-versions = ">=2.7, !=3.0.*, !=3.1.*, !=3.2.*, !=3.3.*, !=3.4.*"

[package.dependencies]
attrs = ">=19.2.0"
enum34 = {version = "*", markers = "python_version == \"2.7\""}
sortedcontainers = ">=2.1.0,<3.0.0"

[package.extras]
all = ["django (>=1.11)", "dpcontracts (>=0.4)", "lark-parser (>=0.6.5)", "numpy (>=1.9.0)", "pandas (>=0.19)", "pytest (>=4.3)", "python-dateutil (>=1.4)", "pytz (>=2014.1)"]
dateutil = ["python-dateutil (>=1.4)"]
django = ["pytz (>=2014.1)", "django (>=1.11)"]
dpcontracts = ["dpcontracts (>=0.4)"]
lark = ["lark-parser (>=0.6.5)"]
numpy = ["numpy (>=1.9.0)"]
pandas = ["pandas (>=0.19)"]
pytest = ["pytest (>=4.3)"]
pytz = ["pytz (>=2014.1)"]

[[package]]
name = "importlib-metadata"
version = "2.1.1"
description = "Read metadata from Python packages"
category = "dev"
optional = false
python-versions = "!=3.0.*,!=3.1.*,!=3.2.*,!=3.3.*,!=3.4.*,>=2.7"

[package.dependencies]
configparser = {version = ">=3.5", markers = "python_version < \"3\""}
contextlib2 = {version = "*", markers = "python_version < \"3\""}
pathlib2 = {version = "*", markers = "python_version < \"3\""}
zipp = ">=0.5"

[package.extras]
docs = ["sphinx", "rst.linker"]
testing = ["packaging", "pep517", "unittest2", "importlib-resources (>=1.3)"]

[[package]]
name = "kiwisolver"
version = "1.1.0"
description = "A fast implementation of the Cassowary constraint solver"
category = "dev"
optional = false
python-versions = ">=2.7, !=3.0.*, !=3.1.*, !=3.2.*, !=3.3.*"

[[package]]
name = "matplotlib"
version = "2.2.5"
description = "Python plotting package"
category = "dev"
optional = false
python-versions = "*"

[package.dependencies]
cycler = ">=0.10"
kiwisolver = ">=1.0.1"
numpy = ">=1.7.1"
pyparsing = ">=2.0.1,<2.0.4 || >2.0.4,<2.1.2 || >2.1.2,<2.1.6 || >2.1.6"
python-dateutil = ">=2.1"
pytz = "*"
six = ">=1.10"

[[package]]
name = "mccabe"
version = "0.6.1"
description = "McCabe checker, plugin for flake8"
category = "dev"
optional = false
python-versions = "*"

[[package]]
name = "more-itertools"
version = "5.0.0"
description = "More routines for operating on iterables, beyond itertools"
category = "dev"
optional = false
python-versions = "*"

[package.dependencies]
six = ">=1.0.0,<2.0.0"

[[package]]
name = "numpy"
version = "1.16.6"
description = "NumPy is the fundamental package for array computing with Python."
category = "main"
optional = false
python-versions = ">=2.7,!=3.0.*,!=3.1.*,!=3.2.*,!=3.3.*"

[[package]]
name = "packaging"
version = "20.9"
description = "Core utilities for Python packages"
category = "dev"
optional = false
python-versions = ">=2.7, !=3.0.*, !=3.1.*, !=3.2.*, !=3.3.*"

[package.dependencies]
pyparsing = ">=2.0.2"

[[package]]
name = "pathlib2"
version = "2.3.6"
description = "Object-oriented filesystem paths"
category = "dev"
optional = false
python-versions = "*"

[package.dependencies]
scandir = {version = "*", markers = "python_version < \"3.5\""}
six = "*"

[[package]]
name = "pluggy"
version = "0.13.1"
description = "plugin and hook calling mechanisms for python"
category = "dev"
optional = false
python-versions = ">=2.7, !=3.0.*, !=3.1.*, !=3.2.*, !=3.3.*"

[package.dependencies]
importlib-metadata = {version = ">=0.12", markers = "python_version < \"3.8\""}

[package.extras]
dev = ["pre-commit", "tox"]

[[package]]
name = "py"
version = "1.10.0"
description = "library with cross-python path, ini-parsing, io, code, log facilities"
category = "dev"
optional = false
python-versions = ">=2.7, !=3.0.*, !=3.1.*, !=3.2.*, !=3.3.*"

[[package]]
name = "pycodestyle"
version = "2.7.0"
description = "Python style guide checker"
category = "dev"
optional = false
python-versions = ">=2.7, !=3.0.*, !=3.1.*, !=3.2.*, !=3.3.*"

[[package]]
name = "pyflakes"
version = "2.3.1"
description = "passive checker of Python programs"
category = "dev"
optional = false
python-versions = ">=2.7, !=3.0.*, !=3.1.*, !=3.2.*, !=3.3.*"

[[package]]
name = "pyparsing"
version = "2.4.7"
description = "Python parsing module"
category = "dev"
optional = false
python-versions = ">=2.6, !=3.0.*, !=3.1.*, !=3.2.*"

[[package]]
name = "pytest"
version = "4.6.11"
description = "pytest: simple powerful testing with Python"
category = "dev"
optional = false
python-versions = "!=3.0.*,!=3.1.*,!=3.2.*,!=3.3.*,>=2.7"

[package.dependencies]
atomicwrites = ">=1.0"
attrs = ">=17.4.0"
colorama = {version = "*", markers = "sys_platform == \"win32\" and python_version != \"3.4\""}
funcsigs = {version = ">=1.0", markers = "python_version < \"3.0\""}
importlib-metadata = {version = ">=0.12", markers = "python_version < \"3.8\""}
more-itertools = [
    {version = ">=4.0.0,<6.0.0", markers = "python_version <= \"2.7\""},
    {version = ">=4.0.0", markers = "python_version > \"2.7\""},
]
packaging = "*"
pathlib2 = {version = ">=2.2.0", markers = "python_version < \"3.6\""}
pluggy = ">=0.12,<1.0"
py = ">=1.5.0"
six = ">=1.10.0"
wcwidth = "*"

[package.extras]
testing = ["argcomplete", "hypothesis (>=3.56)", "nose", "requests", "mock"]

[[package]]
name = "python-dateutil"
version = "2.8.2"
description = "Extensions to the standard Python datetime module"
category = "dev"
optional = false
python-versions = "!=3.0.*,!=3.1.*,!=3.2.*,>=2.7"

[package.dependencies]
six = ">=1.5"

[[package]]
name = "pytz"
version = "2021.1"
description = "World timezone definitions, modern and historical"
category = "dev"
optional = false
python-versions = "*"

[[package]]
name = "scandir"
version = "1.10.0"
description = "scandir, a better directory iterator and faster os.walk()"
category = "dev"
optional = false
python-versions = "*"

[[package]]
name = "scipy"
version = "1.2.3"
description = "SciPy: Scientific Library for Python"
category = "main"
optional = false
python-versions = ">=2.7,!=3.0.*,!=3.1.*,!=3.2.*,!=3.3.*"

[package.dependencies]
numpy = ">=1.8.2"

[[package]]
name = "six"
version = "1.16.0"
description = "Python 2 and 3 compatibility utilities"
category = "dev"
optional = false
python-versions = ">=2.7, !=3.0.*, !=3.1.*, !=3.2.*"

[[package]]
name = "sortedcontainers"
version = "2.4.0"
description = "Sorted Containers -- Sorted List, Sorted Dict, Sorted Set"
category = "dev"
optional = false
python-versions = "*"

[[package]]
name = "typing"
version = "3.10.0.0"
description = "Type Hints for Python"
category = "dev"
optional = false
python-versions = ">=2.7, !=3.0.*, !=3.1.*, !=3.2.*, !=3.3.*, <3.5"

[[package]]
name = "wcwidth"
version = "0.2.5"
description = "Measures the displayed width of unicode strings in a terminal"
category = "dev"
optional = false
python-versions = "*"

[package.dependencies]
"backports.functools-lru-cache" = {version = ">=1.2.1", markers = "python_version < \"3.2\""}

[[package]]
name = "zipp"
version = "1.2.0"
description = "Backport of pathlib-compatible object wrapper for zip files"
category = "dev"
optional = false
python-versions = ">=2.7"

[package.dependencies]
contextlib2 = {version = "*", markers = "python_version < \"3.4\""}

[package.extras]
docs = ["sphinx", "jaraco.packaging (>=3.2)", "rst.linker (>=1.9)"]
testing = ["pathlib2", "unittest2", "jaraco.itertools", "func-timeout"]

[metadata]
lock-version = "1.1"
python-versions = "^2.7 || ^3.5.2 || ^3.6 || ^3.7 || ^3.8 || ^3.9"
content-hash = "340a238e804e9fbea3f1c7549db88be9e9425f0c12b362e02020c0292190631f"

[metadata.files]
atomicwrites = [
    {file = "atomicwrites-1.4.0-py2.py3-none-any.whl", hash = "sha256:6d1784dea7c0c8d4a5172b6c620f40b6e4cbfdf96d783691f2e1302a7b88e197"},
    {file = "atomicwrites-1.4.0.tar.gz", hash = "sha256:ae70396ad1a434f9c7046fd2dd196fc04b12f9e91ffb859164193be8b6168a7a"},
]
attrs = [
    {file = "attrs-21.2.0-py2.py3-none-any.whl", hash = "sha256:149e90d6d8ac20db7a955ad60cf0e6881a3f20d37096140088356da6c716b0b1"},
    {file = "attrs-21.2.0.tar.gz", hash = "sha256:ef6aaac3ca6cd92904cdd0d83f629a15f18053ec84e6432106f7a4d04ae4f5fb"},
]
"backports.functools-lru-cache" = [
    {file = "backports.functools_lru_cache-1.6.4-py2.py3-none-any.whl", hash = "sha256:dbead04b9daa817909ec64e8d2855fb78feafe0b901d4568758e3a60559d8978"},
    {file = "backports.functools_lru_cache-1.6.4.tar.gz", hash = "sha256:d5ed2169378b67d3c545e5600d363a923b09c456dab1593914935a68ad478271"},
]
colorama = [
    {file = "colorama-0.4.4-py2.py3-none-any.whl", hash = "sha256:9f47eda37229f68eee03b24b9748937c7dc3868f906e8ba69fbcbdd3bc5dc3e2"},
    {file = "colorama-0.4.4.tar.gz", hash = "sha256:5941b2b48a20143d2267e95b1c2a7603ce057ee39fd88e7329b0c292aa16869b"},
]
configparser = [
    {file = "configparser-4.0.2-py2.py3-none-any.whl", hash = "sha256:254c1d9c79f60c45dfde850850883d5aaa7f19a23f13561243a050d5a7c3fe4c"},
    {file = "configparser-4.0.2.tar.gz", hash = "sha256:c7d282687a5308319bf3d2e7706e575c635b0a470342641c93bea0ea3b5331df"},
]
contextlib2 = [
    {file = "contextlib2-0.6.0.post1-py2.py3-none-any.whl", hash = "sha256:3355078a159fbb44ee60ea80abd0d87b80b78c248643b49aa6d94673b413609b"},
    {file = "contextlib2-0.6.0.post1.tar.gz", hash = "sha256:01f490098c18b19d2bd5bb5dc445b2054d2fa97f09a4280ba2c5f3c394c8162e"},
]
cycler = [
    {file = "cycler-0.10.0-py2.py3-none-any.whl", hash = "sha256:1d8a5ae1ff6c5cf9b93e8811e581232ad8920aeec647c37316ceac982b08cb2d"},
    {file = "cycler-0.10.0.tar.gz", hash = "sha256:cd7b2d1018258d7247a71425e9f26463dfb444d411c39569972f4ce586b0c9d8"},
]
enum34 = [
    {file = "enum34-1.1.10-py2-none-any.whl", hash = "sha256:a98a201d6de3f2ab3db284e70a33b0f896fbf35f8086594e8c9e74b909058d53"},
    {file = "enum34-1.1.10-py3-none-any.whl", hash = "sha256:c3858660960c984d6ab0ebad691265180da2b43f07e061c0f8dca9ef3cffd328"},
    {file = "enum34-1.1.10.tar.gz", hash = "sha256:cce6a7477ed816bd2542d03d53db9f0db935dd013b70f336a95c73979289f248"},
]
fdint = [
    {file = "fdint-2.0.2-cp36-cp36m-win_amd64.whl", hash = "sha256:dfb6ec5eaa55d6dee5ac6b179741ebc6f32cb9c50473b5c13761fe473d9d66a7"},
    {file = "fdint-2.0.2-cp38-cp38-win_amd64.whl", hash = "sha256:5275ba6643c9755ff83b22957d512e4b0bce6ec2b4fb0078d3f7155c439e29b8"},
    {file = "fdint-2.0.2.tar.gz", hash = "sha256:30db139684d362652670e2cd3206b5dd7b3b93b86c3aff37f4b4fd4a3f98aead"},
]
flake8 = [
    {file = "flake8-3.9.2-py2.py3-none-any.whl", hash = "sha256:bf8fd333346d844f616e8d47905ef3a3384edae6b4e9beb0c5101e25e3110907"},
    {file = "flake8-3.9.2.tar.gz", hash = "sha256:07528381786f2a6237b061f6e96610a4167b226cb926e2aa2b6b1d78057c576b"},
]
funcsigs = [
    {file = "funcsigs-1.0.2-py2.py3-none-any.whl", hash = "sha256:330cc27ccbf7f1e992e69fef78261dc7c6569012cf397db8d3de0234e6c937ca"},
    {file = "funcsigs-1.0.2.tar.gz", hash = "sha256:a7bb0f2cf3a3fd1ab2732cb49eba4252c2af4240442415b4abce3b87022a8f50"},
]
functools32 = [
    {file = "functools32-3.2.3-2.tar.gz", hash = "sha256:f6253dfbe0538ad2e387bd8fdfd9293c925d63553f5813c4e587745416501e6d"},
    {file = "functools32-3.2.3-2.zip", hash = "sha256:89d824aa6c358c421a234d7f9ee0bd75933a67c29588ce50aaa3acdf4d403fa0"},
]
hypothesis = [
    {file = "hypothesis-4.57.1-py3-none-any.whl", hash = "sha256:94f0910bc87e0ae8c098f4ada28dfdc381245e0c8079c674292b417dbde144b5"},
    {file = "hypothesis-4.57.1.tar.gz", hash = "sha256:3c4369a4b0a1348561048bcda5f1db951a1b8e2a514ea8e8c70d36e656bf6fa0"},
]
importlib-metadata = [
    {file = "importlib_metadata-2.1.1-py2.py3-none-any.whl", hash = "sha256:c2d6341ff566f609e89a2acb2db190e5e1d23d5409d6cc8d2fe34d72443876d4"},
    {file = "importlib_metadata-2.1.1.tar.gz", hash = "sha256:b8de9eff2b35fb037368f28a7df1df4e6436f578fa74423505b6c6a778d5b5dd"},
]
kiwisolver = [
    {file = "kiwisolver-1.1.0-cp27-cp27m-macosx_10_6_intel.macosx_10_9_intel.macosx_10_9_x86_64.macosx_10_10_intel.macosx_10_10_x86_64.whl", hash = "sha256:7f4dd50874177d2bb060d74769210f3bce1af87a8c7cf5b37d032ebf94f0aca3"},
    {file = "kiwisolver-1.1.0-cp27-cp27m-macosx_10_6_intel.whl", hash = "sha256:fe51b79da0062f8e9d49ed0182a626a7dc7a0cbca0328f612c6ee5e4711c81e4"},
    {file = "kiwisolver-1.1.0-cp27-cp27m-manylinux1_i686.whl", hash = "sha256:f790f8b3dff3d53453de6a7b7ddd173d2e020fb160baff578d578065b108a05f"},
    {file = "kiwisolver-1.1.0-cp27-cp27m-manylinux1_x86_64.whl", hash = "sha256:f2b22153870ca5cf2ab9c940d7bc38e8e9089fa0f7e5856ea195e1cf4ff43d5a"},
    {file = "kiwisolver-1.1.0-cp27-cp27mu-manylinux1_i686.whl", hash = "sha256:e8bf074363ce2babeb4764d94f8e65efd22e6a7c74860a4f05a6947afc020ff2"},
    {file = "kiwisolver-1.1.0-cp27-cp27mu-manylinux1_x86_64.whl", hash = "sha256:05b5b061e09f60f56244adc885c4a7867da25ca387376b02c1efc29cc16bcd0f"},
    {file = "kiwisolver-1.1.0-cp27-none-win32.whl", hash = "sha256:47b8cb81a7d18dbaf4fed6a61c3cecdb5adec7b4ac292bddb0d016d57e8507d5"},
    {file = "kiwisolver-1.1.0-cp27-none-win_amd64.whl", hash = "sha256:b64916959e4ae0ac78af7c3e8cef4becee0c0e9694ad477b4c6b3a536de6a544"},
    {file = "kiwisolver-1.1.0-cp34-cp34m-macosx_10_6_intel.macosx_10_9_intel.macosx_10_9_x86_64.macosx_10_10_intel.macosx_10_10_x86_64.whl", hash = "sha256:682e54f0ce8f45981878756d7203fd01e188cc6c8b2c5e2cf03675390b4534d5"},
    {file = "kiwisolver-1.1.0-cp34-cp34m-manylinux1_i686.whl", hash = "sha256:d52e3b1868a4e8fd18b5cb15055c76820df514e26aa84cc02f593d99fef6707f"},
    {file = "kiwisolver-1.1.0-cp34-cp34m-manylinux1_x86_64.whl", hash = "sha256:8aa7009437640beb2768bfd06da049bad0df85f47ff18426261acecd1cf00897"},
    {file = "kiwisolver-1.1.0-cp34-none-win32.whl", hash = "sha256:26f4fbd6f5e1dabff70a9ba0d2c4bd30761086454aa30dddc5b52764ee4852b7"},
    {file = "kiwisolver-1.1.0-cp34-none-win_amd64.whl", hash = "sha256:79bfb2f0bd7cbf9ea256612c9523367e5ec51d7cd616ae20ca2c90f575d839a2"},
    {file = "kiwisolver-1.1.0-cp35-cp35m-macosx_10_6_intel.macosx_10_9_intel.macosx_10_9_x86_64.macosx_10_10_intel.macosx_10_10_x86_64.whl", hash = "sha256:3b2378ad387f49cbb328205bda569b9f87288d6bc1bf4cd683c34523a2341efe"},
    {file = "kiwisolver-1.1.0-cp35-cp35m-macosx_10_6_intel.whl", hash = "sha256:aa716b9122307c50686356cfb47bfbc66541868078d0c801341df31dca1232a9"},
    {file = "kiwisolver-1.1.0-cp35-cp35m-manylinux1_i686.whl", hash = "sha256:58e626e1f7dfbb620d08d457325a4cdac65d1809680009f46bf41eaf74ad0187"},
    {file = "kiwisolver-1.1.0-cp35-cp35m-manylinux1_x86_64.whl", hash = "sha256:e3a21a720791712ed721c7b95d433e036134de6f18c77dbe96119eaf7aa08004"},
    {file = "kiwisolver-1.1.0-cp35-none-win32.whl", hash = "sha256:939f36f21a8c571686eb491acfffa9c7f1ac345087281b412d63ea39ca14ec4a"},
    {file = "kiwisolver-1.1.0-cp35-none-win_amd64.whl", hash = "sha256:9733b7f64bd9f807832d673355f79703f81f0b3e52bfce420fc00d8cb28c6a6c"},
    {file = "kiwisolver-1.1.0-cp36-cp36m-macosx_10_6_intel.macosx_10_9_intel.macosx_10_9_x86_64.macosx_10_10_intel.macosx_10_10_x86_64.whl", hash = "sha256:acc4df99308111585121db217681f1ce0eecb48d3a828a2f9bbf9773f4937e9e"},
    {file = "kiwisolver-1.1.0-cp36-cp36m-macosx_10_6_intel.whl", hash = "sha256:9105ce82dcc32c73eb53a04c869b6a4bc756b43e4385f76ea7943e827f529e4d"},
    {file = "kiwisolver-1.1.0-cp36-cp36m-manylinux1_i686.whl", hash = "sha256:f16814a4a96dc04bf1da7d53ee8d5b1d6decfc1a92a63349bb15d37b6a263dd9"},
    {file = "kiwisolver-1.1.0-cp36-cp36m-manylinux1_x86_64.whl", hash = "sha256:400599c0fe58d21522cae0e8b22318e09d9729451b17ee61ba8e1e7c0346565c"},
    {file = "kiwisolver-1.1.0-cp36-none-win32.whl", hash = "sha256:db1a5d3cc4ae943d674718d6c47d2d82488ddd94b93b9e12d24aabdbfe48caee"},
    {file = "kiwisolver-1.1.0-cp36-none-win_amd64.whl", hash = "sha256:5a52e1b006bfa5be04fe4debbcdd2688432a9af4b207a3f429c74ad625022641"},
    {file = "kiwisolver-1.1.0-cp37-cp37m-macosx_10_6_intel.macosx_10_9_intel.macosx_10_9_x86_64.macosx_10_10_intel.macosx_10_10_x86_64.whl", hash = "sha256:a02f6c3e229d0b7220bd74600e9351e18bc0c361b05f29adae0d10599ae0e326"},
    {file = "kiwisolver-1.1.0-cp37-cp37m-macosx_10_6_intel.whl", hash = "sha256:9491578147849b93e70d7c1d23cb1229458f71fc79c51d52dce0809b2ca44eea"},
    {file = "kiwisolver-1.1.0-cp37-cp37m-manylinux1_i686.whl", hash = "sha256:5c7ca4e449ac9f99b3b9d4693debb1d6d237d1542dd6a56b3305fe8a9620f883"},
    {file = "kiwisolver-1.1.0-cp37-cp37m-manylinux1_x86_64.whl", hash = "sha256:a0c0a9f06872330d0dd31b45607197caab3c22777600e88031bfe66799e70bb0"},
    {file = "kiwisolver-1.1.0-cp37-none-win32.whl", hash = "sha256:8944a16020c07b682df861207b7e0efcd2f46c7488619cb55f65882279119389"},
    {file = "kiwisolver-1.1.0-cp37-none-win_amd64.whl", hash = "sha256:d3fcf0819dc3fea58be1fd1ca390851bdb719a549850e708ed858503ff25d995"},
    {file = "kiwisolver-1.1.0-cp38-cp38-macosx_10_9_x86_64.whl", hash = "sha256:933df612c453928f1c6faa9236161a1d999a26cd40abf1dc5d7ebbc6dbfb8fca"},
    {file = "kiwisolver-1.1.0-cp38-cp38-manylinux1_i686.whl", hash = "sha256:d22702cadb86b6fcba0e6b907d9f84a312db9cd6934ee728144ce3018e715ee1"},
    {file = "kiwisolver-1.1.0-cp38-cp38-manylinux1_x86_64.whl", hash = "sha256:210d8c39d01758d76c2b9a693567e1657ec661229bc32eac30761fa79b2474b0"},
    {file = "kiwisolver-1.1.0-cp38-none-win32.whl", hash = "sha256:76275ee077772c8dde04fb6c5bc24b91af1bb3e7f4816fd1852f1495a64dad93"},
    {file = "kiwisolver-1.1.0-cp38-none-win_amd64.whl", hash = "sha256:3b15d56a9cd40c52d7ab763ff0bc700edbb4e1a298dc43715ecccd605002cf11"},
    {file = "kiwisolver-1.1.0.tar.gz", hash = "sha256:53eaed412477c836e1b9522c19858a8557d6e595077830146182225613b11a75"},
]
matplotlib = [
    {file = "matplotlib-2.2.5-cp27-cp27m-macosx_10_9_x86_64.whl", hash = "sha256:d541616636cff89a7d6427ce583a5b48a93e4fbb9c7ce3e0f5f47b2436d376bb"},
    {file = "matplotlib-2.2.5-cp27-cp27m-manylinux1_x86_64.whl", hash = "sha256:7aac72d80be3d0d0378dd8136fe6e5379533f840ea1b68de63ba8eaf2adb1dee"},
    {file = "matplotlib-2.2.5-cp27-cp27m-win32.whl", hash = "sha256:9b60582cbfd2cc314e2cd84fb86c9c879f8887458cf27940720ef8aa5a73b3b4"},
    {file = "matplotlib-2.2.5-cp27-cp27m-win_amd64.whl", hash = "sha256:845a4c2db94419f0642946a2577fc3f50e339824eff759c68c4bb988c9769955"},
    {file = "matplotlib-2.2.5-cp27-cp27mu-manylinux1_x86_64.whl", hash = "sha256:57077b4023f1af0151b6b580bccfcff2e3ec1e0f689ef58e4d1e751cdfbf13f0"},
    {file = "matplotlib-2.2.5-cp34-cp34m-manylinux1_x86_64.whl", hash = "sha256:f436a4a425b6b7150cffde9581dc4563ae3f4f10494191db57547c202d1c15b7"},
    {file = "matplotlib-2.2.5-cp34-cp34m-win32.whl", hash = "sha256:aa545123f55da7c6566c0e0e66c52d938129865cec2f3058a1842ca62741e248"},
    {file = "matplotlib-2.2.5-cp34-cp34m-win_amd64.whl", hash = "sha256:62c671fa6a426d59578354c9ba6ba109f91ed65901180c999191a217f8d6a35f"},
    {file = "matplotlib-2.2.5-cp35-cp35m-macosx_10_6_intel.whl", hash = "sha256:8f0af3228314b46ee72009c604f40c7e07b5d52048e252abb205a5ff77cc8d6b"},
    {file = "matplotlib-2.2.5-cp35-cp35m-manylinux1_x86_64.whl", hash = "sha256:88ad35aae58d1800844e3d1c06bea2831092ff930dd7902f0d3976ba762894f8"},
    {file = "matplotlib-2.2.5-cp35-cp35m-win32.whl", hash = "sha256:8e791377f2f76fdf23bb12f71bf8182f07d5d994ad9ab7b0f7038b0f79f85ccb"},
    {file = "matplotlib-2.2.5-cp35-cp35m-win_amd64.whl", hash = "sha256:6bcd44556cdce178100180d0d04df68ab50eb267c60453f34f248c5559579a9e"},
    {file = "matplotlib-2.2.5-cp36-cp36m-macosx_10_9_x86_64.whl", hash = "sha256:2391e179bd91f7e9727f4d1a09803ce4dc973ed5c517b42430e9edf60bfdcc6a"},
    {file = "matplotlib-2.2.5-cp36-cp36m-manylinux1_x86_64.whl", hash = "sha256:5d46546f152a24ce06e20b0aff0b74648cae0ab0e8de1470a4d4b5a2a8aaf414"},
    {file = "matplotlib-2.2.5-cp36-cp36m-win32.whl", hash = "sha256:4c65889d35736ce0f2f94e0dbac72c93f85cea613fd477c7970e7af5d1e71f11"},
    {file = "matplotlib-2.2.5-cp36-cp36m-win_amd64.whl", hash = "sha256:9e43d73ac507545d49aea0cfa7b1f6a37eec74621bd9bdff8dbb6d16f560ced8"},
    {file = "matplotlib-2.2.5-cp37-cp37m-macosx_10_9_x86_64.whl", hash = "sha256:a3c1c62db6469cf8eb778c5c4c020d6a35424b9a4cb385db7486b77ae35be358"},
    {file = "matplotlib-2.2.5-cp37-cp37m-manylinux1_x86_64.whl", hash = "sha256:59b219991e5ebf858cd0d35cdd97c3db30b7fd003fe9321aac0355aa8ae665b1"},
    {file = "matplotlib-2.2.5-cp37-cp37m-win32.whl", hash = "sha256:7f78529a92242b4adc1db9daf5b71362a35cd9a5cd8cb4db2b83349df2b0dbb8"},
    {file = "matplotlib-2.2.5-cp37-cp37m-win_amd64.whl", hash = "sha256:240565f560ff35f1c8bb5449a51c420c926478e087db89237a47ec92a29b32d1"},
    {file = "matplotlib-2.2.5-cp38-cp38-win32.whl", hash = "sha256:73f29adce52f98564e738537449e35ea64edd37c043773694a5ee1ac9424d85a"},
    {file = "matplotlib-2.2.5-cp38-cp38-win_amd64.whl", hash = "sha256:2f8cb0f84419808b9915cf8bf31b6e1b7542c1e4805399035799a2419e085b91"},
    {file = "matplotlib-2.2.5-pp273-pypy_73-win32.whl", hash = "sha256:b11160764f2d1757788ad209723cada52f72f7b80903a49e5b6f8c055f5e38bd"},
    {file = "matplotlib-2.2.5-pp373-pypy36_pp73-win32.whl", hash = "sha256:900b4f00dbd37e8b7dfe5f7209f506384c69617ab109f417ea09a55baab1af7a"},
    {file = "matplotlib-2.2.5.tar.gz", hash = "sha256:a3037a840cd9dfdc2df9fee8af8f76ca82bfab173c0f9468193ca7a89a2b60ea"},
]
mccabe = [
    {file = "mccabe-0.6.1-py2.py3-none-any.whl", hash = "sha256:ab8a6258860da4b6677da4bd2fe5dc2c659cff31b3ee4f7f5d64e79735b80d42"},
    {file = "mccabe-0.6.1.tar.gz", hash = "sha256:dd8d182285a0fe56bace7f45b5e7d1a6ebcbf524e8f3bd87eb0f125271b8831f"},
]
more-itertools = [
    {file = "more-itertools-5.0.0.tar.gz", hash = "sha256:38a936c0a6d98a38bcc2d03fdaaedaba9f412879461dd2ceff8d37564d6522e4"},
    {file = "more_itertools-5.0.0-py2-none-any.whl", hash = "sha256:c0a5785b1109a6bd7fac76d6837fd1feca158e54e521ccd2ae8bfe393cc9d4fc"},
    {file = "more_itertools-5.0.0-py3-none-any.whl", hash = "sha256:fe7a7cae1ccb57d33952113ff4fa1bc5f879963600ed74918f1236e212ee50b9"},
]
numpy = [
    {file = "numpy-1.16.6-cp27-cp27m-macosx_10_9_x86_64.whl", hash = "sha256:08bf4f66f190822f4642e036accde8da810b87fffc0b9409e7a00d9e54760099"},
    {file = "numpy-1.16.6-cp27-cp27m-manylinux1_i686.whl", hash = "sha256:d759ca1b76ac6f6b6159fb74984126035feb1dee9f68b4b961889b6dc090f33a"},
    {file = "numpy-1.16.6-cp27-cp27m-manylinux1_x86_64.whl", hash = "sha256:d3c5377c6122de876e695937ef41ffee5d2831154c5e4856481b93406cdfeecb"},
    {file = "numpy-1.16.6-cp27-cp27m-win32.whl", hash = "sha256:345b1748e6b0d4773a518868c783b16fdc33a22683bdb863484cd29fe8d206e6"},
    {file = "numpy-1.16.6-cp27-cp27m-win_amd64.whl", hash = "sha256:7a5a1f49a643aa1ab3e0579da0a48b8a48ea4369eb63c5065459d0a37f430237"},
    {file = "numpy-1.16.6-cp27-cp27mu-manylinux1_i686.whl", hash = "sha256:817eed5a6ec2fc9c1a0ee3fbf9a441c66b6766383580513ccbdf3121acc0b4fb"},
    {file = "numpy-1.16.6-cp27-cp27mu-manylinux1_x86_64.whl", hash = "sha256:1680c8d5086a88d293dfd1a10b6429a09140cacee878034fa2308472ec835db4"},
    {file = "numpy-1.16.6-cp35-cp35m-macosx_10_9_intel.whl", hash = "sha256:a4383edb1b8caa989c3541a37ef204916322c503b8eeacc7ee8f4ba24cac97b8"},
    {file = "numpy-1.16.6-cp35-cp35m-manylinux1_i686.whl", hash = "sha256:9bb690692f3101583b0b99f3be362742e4f8ebe6c7934fa36cd8ca2b567a0bcc"},
    {file = "numpy-1.16.6-cp35-cp35m-manylinux1_x86_64.whl", hash = "sha256:b9e334568ca1bf56598eddfac6db6a75bcf1c91aa90d598648f21e45207daeae"},
    {file = "numpy-1.16.6-cp35-cp35m-win32.whl", hash = "sha256:55cae40d2024c56e7b79fb070106cb4289dcc6b55c62dba1d89a6944448c6a53"},
    {file = "numpy-1.16.6-cp35-cp35m-win_amd64.whl", hash = "sha256:a1ffc9c770ccc2be9284310a3726c918b26ca19b34c0079e7a41aba950ab175f"},
    {file = "numpy-1.16.6-cp36-cp36m-macosx_10_9_x86_64.whl", hash = "sha256:3f423b06bf67cd1dbf72e13e9b53a9ca71972e5abf712ee6cb5d8cbb178fff02"},
    {file = "numpy-1.16.6-cp36-cp36m-manylinux1_i686.whl", hash = "sha256:34e6bb44e3d9a663f903b8c297ede865b4dff039aa43cc9a0b249e02c27f1396"},
    {file = "numpy-1.16.6-cp36-cp36m-manylinux1_x86_64.whl", hash = "sha256:60c56922c9d759d664078fbef94132377ef1498ab27dd3d0cc7a21b346e68c06"},
    {file = "numpy-1.16.6-cp36-cp36m-win32.whl", hash = "sha256:23cad5e5858dfb73c0e5bce03fe78e5e5908c22263156c58d4afdbb240683c6c"},
    {file = "numpy-1.16.6-cp36-cp36m-win_amd64.whl", hash = "sha256:77399828d96cca386bfba453025c34f22569909d90332b961d3d4341cdb46a84"},
    {file = "numpy-1.16.6-cp37-cp37m-macosx_10_9_x86_64.whl", hash = "sha256:97ddfa7688295d460ee48a4d76337e9fdd2506d9d1d0eee7f0348b42b430da4c"},
    {file = "numpy-1.16.6-cp37-cp37m-manylinux1_i686.whl", hash = "sha256:390f6e14a8d73591f086680464aa101a9be9187d0c633f48c98b429b31b712c2"},
    {file = "numpy-1.16.6-cp37-cp37m-manylinux1_x86_64.whl", hash = "sha256:a1772dc227e3e415eeaa646d25690dc854bddc3d626e454c7c27acba060cb900"},
    {file = "numpy-1.16.6-cp37-cp37m-win32.whl", hash = "sha256:c9fb4fcfcdcaccfe2c4e1f9e0133ed59df5df2aa3655f3d391887e892b0a784c"},
    {file = "numpy-1.16.6-cp37-cp37m-win_amd64.whl", hash = "sha256:6b1853364775edb85ceb0f7f8214d9e993d4d1d9bd3310eae80529ea14ba2ba6"},
    {file = "numpy-1.16.6.zip", hash = "sha256:e5cf3fdf13401885e8eea8170624ec96225e2174eb0c611c6f26dd33b489e3ff"},
]
packaging = [
    {file = "packaging-20.9-py2.py3-none-any.whl", hash = "sha256:67714da7f7bc052e064859c05c595155bd1ee9f69f76557e21f051443c20947a"},
    {file = "packaging-20.9.tar.gz", hash = "sha256:5b327ac1320dc863dca72f4514ecc086f31186744b84a230374cc1fd776feae5"},
]
pathlib2 = [
    {file = "pathlib2-2.3.6-py2.py3-none-any.whl", hash = "sha256:3a130b266b3a36134dcc79c17b3c7ac9634f083825ca6ea9d8f557ee6195c9c8"},
    {file = "pathlib2-2.3.6.tar.gz", hash = "sha256:7d8bcb5555003cdf4a8d2872c538faa3a0f5d20630cb360e518ca3b981795e5f"},
]
pluggy = [
    {file = "pluggy-0.13.1-py2.py3-none-any.whl", hash = "sha256:966c145cd83c96502c3c3868f50408687b38434af77734af1e9ca461a4081d2d"},
    {file = "pluggy-0.13.1.tar.gz", hash = "sha256:15b2acde666561e1298d71b523007ed7364de07029219b604cf808bfa1c765b0"},
]
py = [
    {file = "py-1.10.0-py2.py3-none-any.whl", hash = "sha256:3b80836aa6d1feeaa108e046da6423ab8f6ceda6468545ae8d02d9d58d18818a"},
    {file = "py-1.10.0.tar.gz", hash = "sha256:21b81bda15b66ef5e1a777a21c4dcd9c20ad3efd0b3f817e7a809035269e1bd3"},
]
pycodestyle = [
    {file = "pycodestyle-2.7.0-py2.py3-none-any.whl", hash = "sha256:514f76d918fcc0b55c6680472f0a37970994e07bbb80725808c17089be302068"},
    {file = "pycodestyle-2.7.0.tar.gz", hash = "sha256:c389c1d06bf7904078ca03399a4816f974a1d590090fecea0c63ec26ebaf1cef"},
]
pyflakes = [
    {file = "pyflakes-2.3.1-py2.py3-none-any.whl", hash = "sha256:7893783d01b8a89811dd72d7dfd4d84ff098e5eed95cfa8905b22bbffe52efc3"},
    {file = "pyflakes-2.3.1.tar.gz", hash = "sha256:f5bc8ecabc05bb9d291eb5203d6810b49040f6ff446a756326104746cc00c1db"},
]
pyparsing = [
    {file = "pyparsing-2.4.7-py2.py3-none-any.whl", hash = "sha256:ef9d7589ef3c200abe66653d3f1ab1033c3c419ae9b9bdb1240a85b024efc88b"},
    {file = "pyparsing-2.4.7.tar.gz", hash = "sha256:c203ec8783bf771a155b207279b9bccb8dea02d8f0c9e5f8ead507bc3246ecc1"},
]
pytest = [
    {file = "pytest-4.6.11-py2.py3-none-any.whl", hash = "sha256:a00a7d79cbbdfa9d21e7d0298392a8dd4123316bfac545075e6f8f24c94d8c97"},
    {file = "pytest-4.6.11.tar.gz", hash = "sha256:50fa82392f2120cc3ec2ca0a75ee615be4c479e66669789771f1758332be4353"},
]
python-dateutil = [
    {file = "python-dateutil-2.8.2.tar.gz", hash = "sha256:0123cacc1627ae19ddf3c27a5de5bd67ee4586fbdd6440d9748f8abb483d3e86"},
    {file = "python_dateutil-2.8.2-py2.py3-none-any.whl", hash = "sha256:961d03dc3453ebbc59dbdea9e4e11c5651520a876d0f4db161e8674aae935da9"},
]
pytz = [
    {file = "pytz-2021.1-py2.py3-none-any.whl", hash = "sha256:eb10ce3e7736052ed3623d49975ce333bcd712c7bb19a58b9e2089d4057d0798"},
    {file = "pytz-2021.1.tar.gz", hash = "sha256:83a4a90894bf38e243cf052c8b58f381bfe9a7a483f6a9cab140bc7f702ac4da"},
]
scandir = [
    {file = "scandir-1.10.0-cp27-cp27m-win32.whl", hash = "sha256:92c85ac42f41ffdc35b6da57ed991575bdbe69db895507af88b9f499b701c188"},
    {file = "scandir-1.10.0-cp27-cp27m-win_amd64.whl", hash = "sha256:cb925555f43060a1745d0a321cca94bcea927c50114b623d73179189a4e100ac"},
    {file = "scandir-1.10.0-cp34-cp34m-win32.whl", hash = "sha256:2c712840c2e2ee8dfaf36034080108d30060d759c7b73a01a52251cc8989f11f"},
    {file = "scandir-1.10.0-cp34-cp34m-win_amd64.whl", hash = "sha256:2586c94e907d99617887daed6c1d102b5ca28f1085f90446554abf1faf73123e"},
    {file = "scandir-1.10.0-cp35-cp35m-win32.whl", hash = "sha256:2b8e3888b11abb2217a32af0766bc06b65cc4a928d8727828ee68af5a967fa6f"},
    {file = "scandir-1.10.0-cp35-cp35m-win_amd64.whl", hash = "sha256:8c5922863e44ffc00c5c693190648daa6d15e7c1207ed02d6f46a8dcc2869d32"},
    {file = "scandir-1.10.0-cp36-cp36m-win32.whl", hash = "sha256:2ae41f43797ca0c11591c0c35f2f5875fa99f8797cb1a1fd440497ec0ae4b022"},
    {file = "scandir-1.10.0-cp36-cp36m-win_amd64.whl", hash = "sha256:7d2d7a06a252764061a020407b997dd036f7bd6a175a5ba2b345f0a357f0b3f4"},
    {file = "scandir-1.10.0-cp37-cp37m-win32.whl", hash = "sha256:67f15b6f83e6507fdc6fca22fedf6ef8b334b399ca27c6b568cbfaa82a364173"},
    {file = "scandir-1.10.0-cp37-cp37m-win_amd64.whl", hash = "sha256:b24086f2375c4a094a6b51e78b4cf7ca16c721dcee2eddd7aa6494b42d6d519d"},
    {file = "scandir-1.10.0.tar.gz", hash = "sha256:4d4631f6062e658e9007ab3149a9b914f3548cb38bfb021c64f39a025ce578ae"},
]
scipy = [
    {file = "scipy-1.2.3-cp27-cp27m-macosx_10_6_intel.macosx_10_9_intel.macosx_10_9_x86_64.macosx_10_10_intel.macosx_10_10_x86_64.whl", hash = "sha256:2ff82db1393bd5d8ddeb9134e8f77a8e971e635452d7e65f7238f40c71d385a8"},
    {file = "scipy-1.2.3-cp27-cp27m-manylinux1_i686.whl", hash = "sha256:5d950892a6a2da6dae2b5a3021b329dbf04483a7fb0bd3011685db7f51578ae7"},
    {file = "scipy-1.2.3-cp27-cp27m-manylinux1_x86_64.whl", hash = "sha256:487a61a7e477923c7a9e8fa06f27e3f2dbc7ce9450a970a2e5d902b0a305d028"},
    {file = "scipy-1.2.3-cp27-cp27m-win32.whl", hash = "sha256:3397ce30e240e9a543d81f623a9e8e98ae39012cf72e42e95929530a03f20791"},
    {file = "scipy-1.2.3-cp27-cp27m-win_amd64.whl", hash = "sha256:8533e8c2e467eed913a0aa4fac09c9fb824f32d1ab1121db3a50845f9b347825"},
    {file = "scipy-1.2.3-cp27-cp27mu-manylinux1_i686.whl", hash = "sha256:b6cbb7125b0c742e0f31fb293d19e9f1a03db58f6ddefc51a2025ee15ae607cb"},
    {file = "scipy-1.2.3-cp27-cp27mu-manylinux1_x86_64.whl", hash = "sha256:e870dfd006ab657f9cc48b099646c5ceb4e812e59a7d460dc80ac9a659f089dc"},
    {file = "scipy-1.2.3-cp34-cp34m-macosx_10_6_intel.macosx_10_9_intel.macosx_10_9_x86_64.macosx_10_10_intel.macosx_10_10_x86_64.whl", hash = "sha256:b8b0e81a2b87d68acf4a54aea800edafbb5bc9a04f38256718826f95f625fb75"},
    {file = "scipy-1.2.3-cp34-cp34m-manylinux1_i686.whl", hash = "sha256:ecc27dda36d7172bb4ed7f245499e28251fa17909b314b4e8956a942f302e1a3"},
    {file = "scipy-1.2.3-cp34-cp34m-manylinux1_x86_64.whl", hash = "sha256:ee213d8c8eee0540ba91efca61605dc0e2b5bd90ca35ab49c85f0ad7038df00f"},
    {file = "scipy-1.2.3-cp34-cp34m-win32.whl", hash = "sha256:57a0ee083b94944ba6329e755d112bfd53a98bd9a6a4faf10bc7722c955a7653"},
    {file = "scipy-1.2.3-cp34-cp34m-win_amd64.whl", hash = "sha256:1bc0720f149fbb69d19156cf91730aa21455c58949aea56bfaa2b74c06868100"},
    {file = "scipy-1.2.3-cp35-cp35m-macosx_10_6_intel.macosx_10_9_intel.macosx_10_9_x86_64.macosx_10_10_intel.macosx_10_10_x86_64.whl", hash = "sha256:d39ae9cfd7bdea7753fd617e2edfc68b94a019a65c0153c3fced35cf657b79e7"},
    {file = "scipy-1.2.3-cp35-cp35m-manylinux1_i686.whl", hash = "sha256:7e6c485c3f2789c790fe4cc5c6c3b4554000d284fd05be90479b6fbd8795d064"},
    {file = "scipy-1.2.3-cp35-cp35m-manylinux1_x86_64.whl", hash = "sha256:92fbdcf9acebf2007502adbed1b22e3a3e9445aceb5e7a568f9759d76461368b"},
    {file = "scipy-1.2.3-cp35-cp35m-win32.whl", hash = "sha256:b2fad2430232f8c2faeb0abff7ed5191f0a534bd1bd482c71a9616c44e674c76"},
    {file = "scipy-1.2.3-cp35-cp35m-win_amd64.whl", hash = "sha256:8b3ac1e50188792fdf811e5a747df2b784c65d9a17f59609a73c8285424a48ad"},
    {file = "scipy-1.2.3-cp36-cp36m-macosx_10_6_intel.macosx_10_9_intel.macosx_10_9_x86_64.macosx_10_10_intel.macosx_10_10_x86_64.whl", hash = "sha256:b38f2e6d53f852ae1de1aacead2c26a69c91b36f833e744557ca370979b81652"},
    {file = "scipy-1.2.3-cp36-cp36m-manylinux1_i686.whl", hash = "sha256:39bf06b2536e69f08a257b260aaa25d088d755b73cf3751b44e5838ccb1d0a82"},
    {file = "scipy-1.2.3-cp36-cp36m-manylinux1_x86_64.whl", hash = "sha256:c08013e0fe1554372da9312d5bad588402f71c0636f0f86a9b9b61d507c59bac"},
    {file = "scipy-1.2.3-cp36-cp36m-win32.whl", hash = "sha256:cac83647970115dfb6d29dc3b4ab44b3aa11254e8aeba115f88ad0ccbb273085"},
    {file = "scipy-1.2.3-cp36-cp36m-win_amd64.whl", hash = "sha256:0c23e5b3a314dce4049b969c81ad801cf05e1fe699760846c7567deaa9b8c548"},
    {file = "scipy-1.2.3-cp37-cp37m-macosx_10_6_intel.macosx_10_9_intel.macosx_10_9_x86_64.macosx_10_10_intel.macosx_10_10_x86_64.whl", hash = "sha256:503e25b8da22b1be6f2f81e1dcf26f42bfb13fe89bccbf8bc48e1b6f2a4789c8"},
    {file = "scipy-1.2.3-cp37-cp37m-manylinux1_i686.whl", hash = "sha256:19904399501ecf56ead21b307cc52c8ff03a2103343f554f3fbc189bb2cf1609"},
    {file = "scipy-1.2.3-cp37-cp37m-manylinux1_x86_64.whl", hash = "sha256:f658f90db1530f70128bbeb2c1e61006de2eb2382408080a211d885f501af3a7"},
    {file = "scipy-1.2.3-cp37-cp37m-win32.whl", hash = "sha256:7aeb232273b38e74d89181d9165ca47314e1c4269afe7c3a1926aea3e63345a2"},
    {file = "scipy-1.2.3-cp37-cp37m-win_amd64.whl", hash = "sha256:53353a504ad2181eb27c9d61e91ce29324f8b7550876736a08a36e6b60c43407"},
    {file = "scipy-1.2.3.tar.gz", hash = "sha256:ecbe6413ca90b8e19f8475bfa303ac001e81b04ec600d17fa7f816271f7cca57"},
]
six = [
    {file = "six-1.16.0-py2.py3-none-any.whl", hash = "sha256:8abb2f1d86890a2dfb989f9a77cfcfd3e47c2a354b01111771326f8aa26e0254"},
    {file = "six-1.16.0.tar.gz", hash = "sha256:1e61c37477a1626458e36f7b1d82aa5c9b094fa4802892072e49de9c60c4c926"},
]
sortedcontainers = [
    {file = "sortedcontainers-2.4.0-py2.py3-none-any.whl", hash = "sha256:a163dcaede0f1c021485e957a39245190e74249897e2ae4b2aa38595db237ee0"},
    {file = "sortedcontainers-2.4.0.tar.gz", hash = "sha256:25caa5a06cc30b6b83d11423433f65d1f9d76c4c6a0c90e3379eaa43b9bfdb88"},
]
typing = [
    {file = "typing-3.10.0.0-py2-none-any.whl", hash = "sha256:c7219ef20c5fbf413b4567092adfc46fa6203cb8454eda33c3fc1afe1398a308"},
    {file = "typing-3.10.0.0-py3-none-any.whl", hash = "sha256:12fbdfbe7d6cca1a42e485229afcb0b0c8259258cfb919b8a5e2a5c953742f89"},
    {file = "typing-3.10.0.0.tar.gz", hash = "sha256:13b4ad211f54ddbf93e5901a9967b1e07720c1d1b78d596ac6a439641aa1b130"},
]
wcwidth = [
    {file = "wcwidth-0.2.5-py2.py3-none-any.whl", hash = "sha256:beb4802a9cebb9144e99086eff703a642a13d6a0052920003a230f3294bbe784"},
    {file = "wcwidth-0.2.5.tar.gz", hash = "sha256:c4d647b99872929fdb7bdcaa4fbe7f01413ed3d98077df798530e5b04f116c83"},
]
zipp = [
    {file = "zipp-1.2.0-py2.py3-none-any.whl", hash = "sha256:e0d9e63797e483a30d27e09fffd308c59a700d365ec34e93cc100844168bf921"},
    {file = "zipp-1.2.0.tar.gz", hash = "sha256:c70410551488251b0fee67b460fb9a536af8d6f9f008ad10ac51f615b6a521b1"},
]
